
Microsoft Visual Studio Solution File, Format Version 12.00
# Visual Studio 14
VisualStudioVersion = 14.0.23107.0
MinimumVisualStudioVersion = 10.0.40219.1
Project("{FAE04EC0-301F-11D3-BF4B-00C04F79EFBC}") = "GitSyncAutoProject.CORE", "GitSyncAutoProject.CORE\GitSyncAutoProject.CORE.csproj", "{406CBF10-0E19-4680-8EEE-C054F952675D}"
EndProject
Global
	GlobalSection(SolutionConfigurationPlatforms) = preSolution
		Debug|Any CPU = Debug|Any CPU
		Release|Any CPU = Release|Any CPU
	EndGlobalSection
	GlobalSection(ProjectConfigurationPlatforms) = postSolution
		{406CBF10-0E19-4680-8EEE-C054F952675D}.Debug|Any CPU.ActiveCfg = Debug|Any CPU
		{406CBF10-0E19-4680-8EEE-C054F952675D}.Debug|Any CPU.Build.0 = Debug|Any CPU
		{406CBF10-0E19-4680-8EEE-C054F952675D}.Release|Any CPU.ActiveCfg = Release|Any CPU
		{406CBF10-0E19-4680-8EEE-C054F952675D}.Release|Any CPU.Build.0 = Release|Any CPU
	EndGlobalSection
	GlobalSection(SolutionProperties) = preSolution
		HideSolutionNode = FALSE
	EndGlobalSection
EndGlobal
